
Microsoft Visual Studio Solution File, Format Version 12.00
# Visual Studio Version 17
VisualStudioVersion = 17.10.35027.167
MinimumVisualStudioVersion = 10.0.40219.1
Project("{2150E333-8FDC-42A3-9474-1A3956D46DE8}") = "Todo", "Todo", "{A140D0E4-E30E-453E-9F6F-977C34508954}"
EndProject
Project("{FAE04EC0-301F-11D3-BF4B-00C04F79EFBC}") = "Todo.API", "Todo\Todo.API\Todo.API.csproj", "{912C4E60-9F5F-49C9-83C9-10320B8C5ACD}"
EndProject
Global
	GlobalSection(SolutionConfigurationPlatforms) = preSolution
		Debug|Any CPU = Debug|Any CPU
		Release|Any CPU = Release|Any CPU
	EndGlobalSection
	GlobalSection(ProjectConfigurationPlatforms) = postSolution
		{912C4E60-9F5F-49C9-83C9-10320B8C5ACD}.Debug|Any CPU.ActiveCfg = Debug|Any CPU
		{912C4E60-9F5F-49C9-83C9-10320B8C5ACD}.Debug|Any CPU.Build.0 = Debug|Any CPU
		{912C4E60-9F5F-49C9-83C9-10320B8C5ACD}.Release|Any CPU.ActiveCfg = Release|Any CPU
		{912C4E60-9F5F-49C9-83C9-10320B8C5ACD}.Release|Any CPU.Build.0 = Release|Any CPU
	EndGlobalSection
	GlobalSection(SolutionProperties) = preSolution
		HideSolutionNode = FALSE
	EndGlobalSection
	GlobalSection(NestedProjects) = preSolution
		{912C4E60-9F5F-49C9-83C9-10320B8C5ACD} = {A140D0E4-E30E-453E-9F6F-977C34508954}
	EndGlobalSection
	GlobalSection(ExtensibilityGlobals) = postSolution
		SolutionGuid = {29CD725F-0A80-4051-AEAD-7599A930932F}
	EndGlobalSection
EndGlobal
